
Microsoft Visual Studio Solution File, Format Version 12.00
# Visual Studio Version 17
VisualStudioVersion = 17.3.32825.248
MinimumVisualStudioVersion = 10.0.40219.1
Project("{2150E333-8FDC-42A3-9474-1A3956D46DE8}") = "Client", "Client", "{428C9B90-D1F0-4AF9-86C2-A80F6EFCBEDB}"
EndProject
Project("{FAE04EC0-301F-11D3-BF4B-00C04F79EFBC}") = "Exchange.Abstractions", "Shared\Exchange.Abstractions\Exchange.Abstractions.csproj", "{4BEA62F8-38E8-452E-91D3-7DF3BEB0C82E}"
EndProject
Project("{FAE04EC0-301F-11D3-BF4B-00C04F79EFBC}") = "Exchange.Models", "Shared\Exchange.Models\Exchange.Models.csproj", "{4CD09064-1F1A-4372-8D33-2247134E8555}"
EndProject
Project("{2150E333-8FDC-42A3-9474-1A3956D46DE8}") = "Server", "Server", "{5248A3E8-5910-4050-A725-B95CB40894AE}"
EndProject
Project("{FAE04EC0-301F-11D3-BF4B-00C04F79EFBC}") = "Exchange.Server.Application", "Server\Exchange.Server.Application\Exchange.Server.Application.csproj", "{BDC364D2-205A-41F4-B437-08835B8857CE}"
EndProject
Project("{FAE04EC0-301F-11D3-BF4B-00C04F79EFBC}") = "Exchange.Server.Domain", "Server\Exchange.Server.Domain\Exchange.Server.Domain.csproj", "{4B50AA5D-572A-4E7C-9754-78C67E0C8072}"
EndProject
Project("{FAE04EC0-301F-11D3-BF4B-00C04F79EFBC}") = "Exchange.Server.Infrastructure", "Server\Exchange.Server.Infrastructure\Exchange.Server.Infrastructure.csproj", "{F73E23FB-899E-46C8-ABC5-78950CD8957F}"
EndProject
Project("{FAE04EC0-301F-11D3-BF4B-00C04F79EFBC}") = "Exchange.Server.WebService", "Server\Exchange.Server.WebService\Exchange.Server.WebService.csproj", "{84126C1A-F8B8-462C-89A6-86D88ACC456B}"
EndProject
Project("{FAE04EC0-301F-11D3-BF4B-00C04F79EFBC}") = "Exchange.Client.Domain", "Client\Exchange.Client.Domain\Exchange.Client.Domain.csproj", "{915D997B-828B-466F-9759-AA818AB4576D}"
EndProject
Project("{FAE04EC0-301F-11D3-BF4B-00C04F79EFBC}") = "Exchange.Client.Application", "Client\Exchange.Client.Application\Exchange.Client.Application.csproj", "{607FA91E-C952-471B-9629-21D9558DD795}"
EndProject
Project("{FAE04EC0-301F-11D3-BF4B-00C04F79EFBC}") = "Exchange.Client.Infrastructure", "Client\Exchange.Client.Infrastructure\Exchange.Client.Infrastructure.csproj", "{4EE4EB46-2696-4F3B-A0B7-8E5AF03E71AB}"
EndProject
Project("{FAE04EC0-301F-11D3-BF4B-00C04F79EFBC}") = "Exchange.Client.WebService", "Client\Exchange.Client.WebService\Exchange.Client.WebService.csproj", "{F932969D-B974-489A-AB64-8D1BC12A9A1C}"
EndProject
Project("{2150E333-8FDC-42A3-9474-1A3956D46DE8}") = "Shared", "Shared", "{1C262AA4-C209-4406-B754-9622E231E485}"
EndProject
Project("{2150E333-8FDC-42A3-9474-1A3956D46DE8}") = "Client.Tests", "Client.Tests", "{424BB480-DCE4-4755-9836-625959241F58}"
EndProject
Project("{FAE04EC0-301F-11D3-BF4B-00C04F79EFBC}") = "Exchange.Client.UnitTests", "Exchange.Client.UnitTests\Exchange.Client.UnitTests.csproj", "{0A79ECA9-AF65-478F-BCB1-D225D6A5D5F3}"
EndProject
Project("{2150E333-8FDC-42A3-9474-1A3956D46DE8}") = "Server.Tests", "Server.Tests", "{913030B4-3FE8-401A-B9F6-FEEB41EE6455}"
EndProject
Project("{FAE04EC0-301F-11D3-BF4B-00C04F79EFBC}") = "Exchange.Server.UnitTests", "Exchange.Server.UnitTests\Exchange.Server.UnitTests.csproj", "{859EF804-C7C8-4E4C-BFB8-F31AE5280B3A}"
EndProject
Global
	GlobalSection(SolutionConfigurationPlatforms) = preSolution
		Debug|Any CPU = Debug|Any CPU
		Release|Any CPU = Release|Any CPU
	EndGlobalSection
	GlobalSection(ProjectConfigurationPlatforms) = postSolution
		{4BEA62F8-38E8-452E-91D3-7DF3BEB0C82E}.Debug|Any CPU.ActiveCfg = Debug|Any CPU
		{4BEA62F8-38E8-452E-91D3-7DF3BEB0C82E}.Debug|Any CPU.Build.0 = Debug|Any CPU
		{4BEA62F8-38E8-452E-91D3-7DF3BEB0C82E}.Release|Any CPU.ActiveCfg = Release|Any CPU
		{4BEA62F8-38E8-452E-91D3-7DF3BEB0C82E}.Release|Any CPU.Build.0 = Release|Any CPU
		{4CD09064-1F1A-4372-8D33-2247134E8555}.Debug|Any CPU.ActiveCfg = Debug|Any CPU
		{4CD09064-1F1A-4372-8D33-2247134E8555}.Debug|Any CPU.Build.0 = Debug|Any CPU
		{4CD09064-1F1A-4372-8D33-2247134E8555}.Release|Any CPU.ActiveCfg = Release|Any CPU
		{4CD09064-1F1A-4372-8D33-2247134E8555}.Release|Any CPU.Build.0 = Release|Any CPU
		{D6F8917F-EF8A-42B2-8E30-512BAFF3D38B}.Debug|Any CPU.ActiveCfg = Debug|Any CPU
		{D6F8917F-EF8A-42B2-8E30-512BAFF3D38B}.Debug|Any CPU.Build.0 = Debug|Any CPU
		{D6F8917F-EF8A-42B2-8E30-512BAFF3D38B}.Release|Any CPU.ActiveCfg = Release|Any CPU
		{D6F8917F-EF8A-42B2-8E30-512BAFF3D38B}.Release|Any CPU.Build.0 = Release|Any CPU
		{BDC364D2-205A-41F4-B437-08835B8857CE}.Debug|Any CPU.ActiveCfg = Debug|Any CPU
		{BDC364D2-205A-41F4-B437-08835B8857CE}.Debug|Any CPU.Build.0 = Debug|Any CPU
		{BDC364D2-205A-41F4-B437-08835B8857CE}.Release|Any CPU.ActiveCfg = Release|Any CPU
		{BDC364D2-205A-41F4-B437-08835B8857CE}.Release|Any CPU.Build.0 = Release|Any CPU
		{4B50AA5D-572A-4E7C-9754-78C67E0C8072}.Debug|Any CPU.ActiveCfg = Debug|Any CPU
		{4B50AA5D-572A-4E7C-9754-78C67E0C8072}.Debug|Any CPU.Build.0 = Debug|Any CPU
		{4B50AA5D-572A-4E7C-9754-78C67E0C8072}.Release|Any CPU.ActiveCfg = Release|Any CPU
		{4B50AA5D-572A-4E7C-9754-78C67E0C8072}.Release|Any CPU.Build.0 = Release|Any CPU
		{F73E23FB-899E-46C8-ABC5-78950CD8957F}.Debug|Any CPU.ActiveCfg = Debug|Any CPU
		{F73E23FB-899E-46C8-ABC5-78950CD8957F}.Debug|Any CPU.Build.0 = Debug|Any CPU
		{F73E23FB-899E-46C8-ABC5-78950CD8957F}.Release|Any CPU.ActiveCfg = Release|Any CPU
		{F73E23FB-899E-46C8-ABC5-78950CD8957F}.Release|Any CPU.Build.0 = Release|Any CPU
		{84126C1A-F8B8-462C-89A6-86D88ACC456B}.Debug|Any CPU.ActiveCfg = Debug|Any CPU
		{84126C1A-F8B8-462C-89A6-86D88ACC456B}.Debug|Any CPU.Build.0 = Debug|Any CPU
		{84126C1A-F8B8-462C-89A6-86D88ACC456B}.Release|Any CPU.ActiveCfg = Release|Any CPU
		{84126C1A-F8B8-462C-89A6-86D88ACC456B}.Release|Any CPU.Build.0 = Release|Any CPU
		{915D997B-828B-466F-9759-AA818AB4576D}.Debug|Any CPU.ActiveCfg = Debug|Any CPU
		{915D997B-828B-466F-9759-AA818AB4576D}.Debug|Any CPU.Build.0 = Debug|Any CPU
		{915D997B-828B-466F-9759-AA818AB4576D}.Release|Any CPU.ActiveCfg = Release|Any CPU
		{915D997B-828B-466F-9759-AA818AB4576D}.Release|Any CPU.Build.0 = Release|Any CPU
		{607FA91E-C952-471B-9629-21D9558DD795}.Debug|Any CPU.ActiveCfg = Debug|Any CPU
		{607FA91E-C952-471B-9629-21D9558DD795}.Debug|Any CPU.Build.0 = Debug|Any CPU
		{607FA91E-C952-471B-9629-21D9558DD795}.Release|Any CPU.ActiveCfg = Release|Any CPU
		{607FA91E-C952-471B-9629-21D9558DD795}.Release|Any CPU.Build.0 = Release|Any CPU
		{4EE4EB46-2696-4F3B-A0B7-8E5AF03E71AB}.Debug|Any CPU.ActiveCfg = Debug|Any CPU
		{4EE4EB46-2696-4F3B-A0B7-8E5AF03E71AB}.Debug|Any CPU.Build.0 = Debug|Any CPU
		{4EE4EB46-2696-4F3B-A0B7-8E5AF03E71AB}.Release|Any CPU.ActiveCfg = Release|Any CPU
		{4EE4EB46-2696-4F3B-A0B7-8E5AF03E71AB}.Release|Any CPU.Build.0 = Release|Any CPU
		{F932969D-B974-489A-AB64-8D1BC12A9A1C}.Debug|Any CPU.ActiveCfg = Debug|Any CPU
		{F932969D-B974-489A-AB64-8D1BC12A9A1C}.Debug|Any CPU.Build.0 = Debug|Any CPU
		{F932969D-B974-489A-AB64-8D1BC12A9A1C}.Release|Any CPU.ActiveCfg = Release|Any CPU
		{F932969D-B974-489A-AB64-8D1BC12A9A1C}.Release|Any CPU.Build.0 = Release|Any CPU
		{0A79ECA9-AF65-478F-BCB1-D225D6A5D5F3}.Debug|Any CPU.ActiveCfg = Debug|Any CPU
		{0A79ECA9-AF65-478F-BCB1-D225D6A5D5F3}.Debug|Any CPU.Build.0 = Debug|Any CPU
		{0A79ECA9-AF65-478F-BCB1-D225D6A5D5F3}.Release|Any CPU.ActiveCfg = Release|Any CPU
		{0A79ECA9-AF65-478F-BCB1-D225D6A5D5F3}.Release|Any CPU.Build.0 = Release|Any CPU
		{859EF804-C7C8-4E4C-BFB8-F31AE5280B3A}.Debug|Any CPU.ActiveCfg = Debug|Any CPU
		{859EF804-C7C8-4E4C-BFB8-F31AE5280B3A}.Debug|Any CPU.Build.0 = Debug|Any CPU
		{859EF804-C7C8-4E4C-BFB8-F31AE5280B3A}.Release|Any CPU.ActiveCfg = Release|Any CPU
		{859EF804-C7C8-4E4C-BFB8-F31AE5280B3A}.Release|Any CPU.Build.0 = Release|Any CPU
	EndGlobalSection
	GlobalSection(SolutionProperties) = preSolution
		HideSolutionNode = FALSE
	EndGlobalSection
	GlobalSection(ExtensibilityGlobals) = postSolution
		SolutionGuid = {7368BC30-62AC-4C29-A485-27921CFE3DFD}
	EndGlobalSection
	GlobalSection(NestedProjects) = preSolution
		{D6F8917F-EF8A-42B2-8E30-512BAFF3D38B} = {5248A3E8-5910-4050-A725-B95CB40894AE}
		{BDC364D2-205A-41F4-B437-08835B8857CE} = {5248A3E8-5910-4050-A725-B95CB40894AE}
		{4B50AA5D-572A-4E7C-9754-78C67E0C8072} = {5248A3E8-5910-4050-A725-B95CB40894AE}
		{F73E23FB-899E-46C8-ABC5-78950CD8957F} = {5248A3E8-5910-4050-A725-B95CB40894AE}
		{84126C1A-F8B8-462C-89A6-86D88ACC456B} = {5248A3E8-5910-4050-A725-B95CB40894AE}
		{915D997B-828B-466F-9759-AA818AB4576D} = {428C9B90-D1F0-4AF9-86C2-A80F6EFCBEDB}
		{607FA91E-C952-471B-9629-21D9558DD795} = {428C9B90-D1F0-4AF9-86C2-A80F6EFCBEDB}
		{4EE4EB46-2696-4F3B-A0B7-8E5AF03E71AB} = {428C9B90-D1F0-4AF9-86C2-A80F6EFCBEDB}
		{F932969D-B974-489A-AB64-8D1BC12A9A1C} = {428C9B90-D1F0-4AF9-86C2-A80F6EFCBEDB}
		{4BEA62F8-38E8-452E-91D3-7DF3BEB0C82E} = {1C262AA4-C209-4406-B754-9622E231E485}
		{4CD09064-1F1A-4372-8D33-2247134E8555} = {1C262AA4-C209-4406-B754-9622E231E485}
		{0A79ECA9-AF65-478F-BCB1-D225D6A5D5F3} = {424BB480-DCE4-4755-9836-625959241F58}
		{859EF804-C7C8-4E4C-BFB8-F31AE5280B3A} = {913030B4-3FE8-401A-B9F6-FEEB41EE6455}
	EndGlobalSection
EndGlobal
